
Microsoft Visual Studio Solution File, Format Version 12.00
# Visual Studio Version 16
VisualStudioVersion = 16.0.29411.108
MinimumVisualStudioVersion = 10.0.40219.1
Project("{FAE04EC0-301F-11D3-BF4B-00C04F79EFBC}") = "Blog site", "Blog site\Blog site.csproj", "{6195AA3A-0555-49E9-A39D-96D7E3F00465}"
EndProject
Global
	GlobalSection(SolutionConfigurationPlatforms) = preSolution
		Debug|Any CPU = Debug|Any CPU
		Release|Any CPU = Release|Any CPU
	EndGlobalSection
	GlobalSection(ProjectConfigurationPlatforms) = postSolution
		{6195AA3A-0555-49E9-A39D-96D7E3F00465}.Debug|Any CPU.ActiveCfg = Debug|Any CPU
		{6195AA3A-0555-49E9-A39D-96D7E3F00465}.Debug|Any CPU.Build.0 = Debug|Any CPU
		{6195AA3A-0555-49E9-A39D-96D7E3F00465}.Release|Any CPU.ActiveCfg = Release|Any CPU
		{6195AA3A-0555-49E9-A39D-96D7E3F00465}.Release|Any CPU.Build.0 = Release|Any CPU
	EndGlobalSection
	GlobalSection(SolutionProperties) = preSolution
		HideSolutionNode = FALSE
	EndGlobalSection
	GlobalSection(ExtensibilityGlobals) = postSolution
		SolutionGuid = {0C5A952F-9CD6-4143-8167-7171B269822F}
	EndGlobalSection
EndGlobal
